
Microsoft Visual Studio Solution File, Format Version 12.00
# Visual Studio Version 16
VisualStudioVersion = 16.0.808.1
MinimumVisualStudioVersion = 10.0.40219.1
Project("{FAE04EC0-301F-11D3-BF4B-00C04F79EFBC}") = "Furniture", "Furniture\Furniture.csproj", "{66752439-20E7-4637-BAD9-BC01CC6C240B}"
EndProject
Project("{FAE04EC0-301F-11D3-BF4B-00C04F79EFBC}") = "EstractEmails", "EstractEmails\EstractEmails.csproj", "{49955235-BE7D-4EBB-86F8-330D9AB50F3D}"
EndProject
Project("{FAE04EC0-301F-11D3-BF4B-00C04F79EFBC}") = "Race", "Race\Race.csproj", "{132AEB73-9289-487A-A1FB-D0F8333CC8D2}"
EndProject
Project("{FAE04EC0-301F-11D3-BF4B-00C04F79EFBC}") = "SoftUniBarincome", "SoftUniBarincome\SoftUniBarincome.csproj", "{F192CB22-2792-423F-9710-27F2B5F8E064}"
EndProject
Project("{FAE04EC0-301F-11D3-BF4B-00C04F79EFBC}") = "StarEnigma", "StarEnigma\StarEnigma.csproj", "{AEC021D9-3B28-4680-94AA-65E9BDF6A61C}"
EndProject
Project("{FAE04EC0-301F-11D3-BF4B-00C04F79EFBC}") = "Netherrealms", "Netherrealms\Netherrealms.csproj", "{5411BECD-E225-4D2F-996E-62FFF9FF0880}"
EndProject
Project("{FAE04EC0-301F-11D3-BF4B-00C04F79EFBC}") = "NetherRealms2.0", "NetherRealms2.0\NetherRealms2.0.csproj", "{9C5DE698-3B32-403F-BCBC-E43003E53F63}"
EndProject
Global
	GlobalSection(SolutionConfigurationPlatforms) = preSolution
		Debug|Any CPU = Debug|Any CPU
		Release|Any CPU = Release|Any CPU
	EndGlobalSection
	GlobalSection(ProjectConfigurationPlatforms) = postSolution
		{66752439-20E7-4637-BAD9-BC01CC6C240B}.Debug|Any CPU.ActiveCfg = Debug|Any CPU
		{66752439-20E7-4637-BAD9-BC01CC6C240B}.Debug|Any CPU.Build.0 = Debug|Any CPU
		{66752439-20E7-4637-BAD9-BC01CC6C240B}.Release|Any CPU.ActiveCfg = Release|Any CPU
		{66752439-20E7-4637-BAD9-BC01CC6C240B}.Release|Any CPU.Build.0 = Release|Any CPU
		{49955235-BE7D-4EBB-86F8-330D9AB50F3D}.Debug|Any CPU.ActiveCfg = Debug|Any CPU
		{49955235-BE7D-4EBB-86F8-330D9AB50F3D}.Debug|Any CPU.Build.0 = Debug|Any CPU
		{49955235-BE7D-4EBB-86F8-330D9AB50F3D}.Release|Any CPU.ActiveCfg = Release|Any CPU
		{49955235-BE7D-4EBB-86F8-330D9AB50F3D}.Release|Any CPU.Build.0 = Release|Any CPU
		{132AEB73-9289-487A-A1FB-D0F8333CC8D2}.Debug|Any CPU.ActiveCfg = Debug|Any CPU
		{132AEB73-9289-487A-A1FB-D0F8333CC8D2}.Debug|Any CPU.Build.0 = Debug|Any CPU
		{132AEB73-9289-487A-A1FB-D0F8333CC8D2}.Release|Any CPU.ActiveCfg = Release|Any CPU
		{132AEB73-9289-487A-A1FB-D0F8333CC8D2}.Release|Any CPU.Build.0 = Release|Any CPU
		{F192CB22-2792-423F-9710-27F2B5F8E064}.Debug|Any CPU.ActiveCfg = Debug|Any CPU
		{F192CB22-2792-423F-9710-27F2B5F8E064}.Debug|Any CPU.Build.0 = Debug|Any CPU
		{F192CB22-2792-423F-9710-27F2B5F8E064}.Release|Any CPU.ActiveCfg = Release|Any CPU
		{F192CB22-2792-423F-9710-27F2B5F8E064}.Release|Any CPU.Build.0 = Release|Any CPU
		{AEC021D9-3B28-4680-94AA-65E9BDF6A61C}.Debug|Any CPU.ActiveCfg = Debug|Any CPU
		{AEC021D9-3B28-4680-94AA-65E9BDF6A61C}.Debug|Any CPU.Build.0 = Debug|Any CPU
		{AEC021D9-3B28-4680-94AA-65E9BDF6A61C}.Release|Any CPU.ActiveCfg = Release|Any CPU
		{AEC021D9-3B28-4680-94AA-65E9BDF6A61C}.Release|Any CPU.Build.0 = Release|Any CPU
		{5411BECD-E225-4D2F-996E-62FFF9FF0880}.Debug|Any CPU.ActiveCfg = Debug|Any CPU
		{5411BECD-E225-4D2F-996E-62FFF9FF0880}.Debug|Any CPU.Build.0 = Debug|Any CPU
		{5411BECD-E225-4D2F-996E-62FFF9FF0880}.Release|Any CPU.ActiveCfg = Release|Any CPU
		{5411BECD-E225-4D2F-996E-62FFF9FF0880}.Release|Any CPU.Build.0 = Release|Any CPU
		{9C5DE698-3B32-403F-BCBC-E43003E53F63}.Debug|Any CPU.ActiveCfg = Debug|Any CPU
		{9C5DE698-3B32-403F-BCBC-E43003E53F63}.Debug|Any CPU.Build.0 = Debug|Any CPU
		{9C5DE698-3B32-403F-BCBC-E43003E53F63}.Release|Any CPU.ActiveCfg = Release|Any CPU
		{9C5DE698-3B32-403F-BCBC-E43003E53F63}.Release|Any CPU.Build.0 = Release|Any CPU
	EndGlobalSection
	GlobalSection(SolutionProperties) = preSolution
		HideSolutionNode = FALSE
	EndGlobalSection
	GlobalSection(ExtensibilityGlobals) = postSolution
		SolutionGuid = {3F3910CD-2B92-4CD3-8D06-D807D84C0D72}
	EndGlobalSection
EndGlobal
