
Microsoft Visual Studio Solution File, Format Version 12.00
# Visual Studio Version 16
VisualStudioVersion = 16.0.808.3
MinimumVisualStudioVersion = 10.0.40219.1
Project("{FAE04EC0-301F-11D3-BF4B-00C04F79EFBC}") = "1", "1\1.csproj", "{C75DE32C-9CD8-40D6-A244-E3F39BEA66AF}"
EndProject
Global
	GlobalSection(SolutionConfigurationPlatforms) = preSolution
		Debug|Any CPU = Debug|Any CPU
		Release|Any CPU = Release|Any CPU
	EndGlobalSection
	GlobalSection(ProjectConfigurationPlatforms) = postSolution
		{C75DE32C-9CD8-40D6-A244-E3F39BEA66AF}.Debug|Any CPU.ActiveCfg = Debug|Any CPU
		{C75DE32C-9CD8-40D6-A244-E3F39BEA66AF}.Debug|Any CPU.Build.0 = Debug|Any CPU
		{C75DE32C-9CD8-40D6-A244-E3F39BEA66AF}.Release|Any CPU.ActiveCfg = Release|Any CPU
		{C75DE32C-9CD8-40D6-A244-E3F39BEA66AF}.Release|Any CPU.Build.0 = Release|Any CPU
	EndGlobalSection
	GlobalSection(SolutionProperties) = preSolution
		HideSolutionNode = FALSE
	EndGlobalSection
	GlobalSection(ExtensibilityGlobals) = postSolution
		SolutionGuid = {33FD0415-A48D-4EDD-8F01-BF1B5A0E1799}
	EndGlobalSection
EndGlobal
