
Microsoft Visual Studio Solution File, Format Version 12.00
# Visual Studio 15
Project("{FAE04EC0-301F-11D3-BF4B-00C04F79EFBC}") = "RandomizeWords", "zero\RandomizeWords.csproj", "{F8562277-C01D-492C-BE30-75015BBB78FA}"
EndProject
Project("{FAE04EC0-301F-11D3-BF4B-00C04F79EFBC}") = "BigFactorial", "BigFactorial\BigFactorial.csproj", "{2C86B308-5815-4F2B-8020-7882C3D48CA2}"
EndProject
Project("{FAE04EC0-301F-11D3-BF4B-00C04F79EFBC}") = "Songs", "Songs\Songs.csproj", "{555EE674-FE69-41B8-8FE3-D4B857F8E600}"
EndProject
Project("{FAE04EC0-301F-11D3-BF4B-00C04F79EFBC}") = "DayOfWeek", "DayOfWeek\DayOfWeek.csproj", "{FEDF7E06-5958-480F-A213-B802C4AE2BFE}"
EndProject
Project("{FAE04EC0-301F-11D3-BF4B-00C04F79EFBC}") = "Students", "Students\Students.csproj", "{F7D8CFE3-52DC-4924-9C8E-350F8849EA23}"
EndProject
Project("{FAE04EC0-301F-11D3-BF4B-00C04F79EFBC}") = "Students2.0", "Students2.0\Students2.0.csproj", "{644CD027-589A-4ECF-A5FB-82F8C0294DBA}"
EndProject
Project("{FAE04EC0-301F-11D3-BF4B-00C04F79EFBC}") = "StoreBoxes", "StoreBoxes\StoreBoxes.csproj", "{8B54A2C0-D7BA-421F-9AEF-161F7863A62E}"
EndProject
Project("{FAE04EC0-301F-11D3-BF4B-00C04F79EFBC}") = "ConstructorDemo", "ConstructorDemo\ConstructorDemo.csproj", "{00F13288-DA1E-45AF-930A-4F466349D042}"
EndProject
Project("{FAE04EC0-301F-11D3-BF4B-00C04F79EFBC}") = "VehicleCatalogue", "VehicleCatalogue\VehicleCatalogue.csproj", "{841ADB1C-F398-4105-A3F7-A0EA27520D71}"
EndProject
Global
	GlobalSection(SolutionConfigurationPlatforms) = preSolution
		Debug|Any CPU = Debug|Any CPU
		Release|Any CPU = Release|Any CPU
	EndGlobalSection
	GlobalSection(ProjectConfigurationPlatforms) = postSolution
		{F8562277-C01D-492C-BE30-75015BBB78FA}.Debug|Any CPU.ActiveCfg = Debug|Any CPU
		{F8562277-C01D-492C-BE30-75015BBB78FA}.Debug|Any CPU.Build.0 = Debug|Any CPU
		{F8562277-C01D-492C-BE30-75015BBB78FA}.Release|Any CPU.ActiveCfg = Release|Any CPU
		{F8562277-C01D-492C-BE30-75015BBB78FA}.Release|Any CPU.Build.0 = Release|Any CPU
		{2C86B308-5815-4F2B-8020-7882C3D48CA2}.Debug|Any CPU.ActiveCfg = Debug|Any CPU
		{2C86B308-5815-4F2B-8020-7882C3D48CA2}.Debug|Any CPU.Build.0 = Debug|Any CPU
		{2C86B308-5815-4F2B-8020-7882C3D48CA2}.Release|Any CPU.ActiveCfg = Release|Any CPU
		{2C86B308-5815-4F2B-8020-7882C3D48CA2}.Release|Any CPU.Build.0 = Release|Any CPU
		{555EE674-FE69-41B8-8FE3-D4B857F8E600}.Debug|Any CPU.ActiveCfg = Debug|Any CPU
		{555EE674-FE69-41B8-8FE3-D4B857F8E600}.Debug|Any CPU.Build.0 = Debug|Any CPU
		{555EE674-FE69-41B8-8FE3-D4B857F8E600}.Release|Any CPU.ActiveCfg = Release|Any CPU
		{555EE674-FE69-41B8-8FE3-D4B857F8E600}.Release|Any CPU.Build.0 = Release|Any CPU
		{FEDF7E06-5958-480F-A213-B802C4AE2BFE}.Debug|Any CPU.ActiveCfg = Debug|Any CPU
		{FEDF7E06-5958-480F-A213-B802C4AE2BFE}.Debug|Any CPU.Build.0 = Debug|Any CPU
		{FEDF7E06-5958-480F-A213-B802C4AE2BFE}.Release|Any CPU.ActiveCfg = Release|Any CPU
		{FEDF7E06-5958-480F-A213-B802C4AE2BFE}.Release|Any CPU.Build.0 = Release|Any CPU
		{F7D8CFE3-52DC-4924-9C8E-350F8849EA23}.Debug|Any CPU.ActiveCfg = Debug|Any CPU
		{F7D8CFE3-52DC-4924-9C8E-350F8849EA23}.Debug|Any CPU.Build.0 = Debug|Any CPU
		{F7D8CFE3-52DC-4924-9C8E-350F8849EA23}.Release|Any CPU.ActiveCfg = Release|Any CPU
		{F7D8CFE3-52DC-4924-9C8E-350F8849EA23}.Release|Any CPU.Build.0 = Release|Any CPU
		{644CD027-589A-4ECF-A5FB-82F8C0294DBA}.Debug|Any CPU.ActiveCfg = Debug|Any CPU
		{644CD027-589A-4ECF-A5FB-82F8C0294DBA}.Debug|Any CPU.Build.0 = Debug|Any CPU
		{644CD027-589A-4ECF-A5FB-82F8C0294DBA}.Release|Any CPU.ActiveCfg = Release|Any CPU
		{644CD027-589A-4ECF-A5FB-82F8C0294DBA}.Release|Any CPU.Build.0 = Release|Any CPU
		{8B54A2C0-D7BA-421F-9AEF-161F7863A62E}.Debug|Any CPU.ActiveCfg = Debug|Any CPU
		{8B54A2C0-D7BA-421F-9AEF-161F7863A62E}.Debug|Any CPU.Build.0 = Debug|Any CPU
		{8B54A2C0-D7BA-421F-9AEF-161F7863A62E}.Release|Any CPU.ActiveCfg = Release|Any CPU
		{8B54A2C0-D7BA-421F-9AEF-161F7863A62E}.Release|Any CPU.Build.0 = Release|Any CPU
		{00F13288-DA1E-45AF-930A-4F466349D042}.Debug|Any CPU.ActiveCfg = Debug|Any CPU
		{00F13288-DA1E-45AF-930A-4F466349D042}.Debug|Any CPU.Build.0 = Debug|Any CPU
		{00F13288-DA1E-45AF-930A-4F466349D042}.Release|Any CPU.ActiveCfg = Release|Any CPU
		{00F13288-DA1E-45AF-930A-4F466349D042}.Release|Any CPU.Build.0 = Release|Any CPU
		{841ADB1C-F398-4105-A3F7-A0EA27520D71}.Debug|Any CPU.ActiveCfg = Debug|Any CPU
		{841ADB1C-F398-4105-A3F7-A0EA27520D71}.Debug|Any CPU.Build.0 = Debug|Any CPU
		{841ADB1C-F398-4105-A3F7-A0EA27520D71}.Release|Any CPU.ActiveCfg = Release|Any CPU
		{841ADB1C-F398-4105-A3F7-A0EA27520D71}.Release|Any CPU.Build.0 = Release|Any CPU
	EndGlobalSection
EndGlobal
