
Microsoft Visual Studio Solution File, Format Version 12.00
# Visual Studio 15
Project("{FAE04EC0-301F-11D3-BF4B-00C04F79EFBC}") = "Advertisement", "Advertisement\Advertisement.csproj", "{CB2453E9-61E1-44E2-8288-CF767C7ED580}"
EndProject
Project("{FAE04EC0-301F-11D3-BF4B-00C04F79EFBC}") = "Article", "Article\Article.csproj", "{43767681-1A69-4364-8818-BCA261C146CA}"
EndProject
Project("{FAE04EC0-301F-11D3-BF4B-00C04F79EFBC}") = "Article2.0", "Article2.0\Article2.0.csproj", "{FD853748-41E9-4E34-9DEA-D282CC2B95A2}"
EndProject
Project("{FAE04EC0-301F-11D3-BF4B-00C04F79EFBC}") = "Students", "Students\Students.csproj", "{53F47D25-373F-46A7-870E-17ADD9617AC4}"
EndProject
Project("{FAE04EC0-301F-11D3-BF4B-00C04F79EFBC}") = "TeamWorkProjects", "TeamWorkProjects\TeamWorkProjects.csproj", "{856F0E07-93C7-4538-9505-E6B4D6EEB9E6}"
EndProject
Project("{FAE04EC0-301F-11D3-BF4B-00C04F79EFBC}") = "VehicleCatalogue", "VehicleCatalogue\VehicleCatalogue.csproj", "{269AD3CD-ABA6-4868-B9F0-A73181437C2C}"
EndProject
Project("{FAE04EC0-301F-11D3-BF4B-00C04F79EFBC}") = "OrtderByAge", "OrtderByAge\OrtderByAge.csproj", "{148DADD0-1E59-4FAE-B78C-55395E3E51D1}"
EndProject
Global
	GlobalSection(SolutionConfigurationPlatforms) = preSolution
		Debug|Any CPU = Debug|Any CPU
		Release|Any CPU = Release|Any CPU
	EndGlobalSection
	GlobalSection(ProjectConfigurationPlatforms) = postSolution
		{CB2453E9-61E1-44E2-8288-CF767C7ED580}.Debug|Any CPU.ActiveCfg = Debug|Any CPU
		{CB2453E9-61E1-44E2-8288-CF767C7ED580}.Debug|Any CPU.Build.0 = Debug|Any CPU
		{CB2453E9-61E1-44E2-8288-CF767C7ED580}.Release|Any CPU.ActiveCfg = Release|Any CPU
		{CB2453E9-61E1-44E2-8288-CF767C7ED580}.Release|Any CPU.Build.0 = Release|Any CPU
		{43767681-1A69-4364-8818-BCA261C146CA}.Debug|Any CPU.ActiveCfg = Debug|Any CPU
		{43767681-1A69-4364-8818-BCA261C146CA}.Debug|Any CPU.Build.0 = Debug|Any CPU
		{43767681-1A69-4364-8818-BCA261C146CA}.Release|Any CPU.ActiveCfg = Release|Any CPU
		{43767681-1A69-4364-8818-BCA261C146CA}.Release|Any CPU.Build.0 = Release|Any CPU
		{FD853748-41E9-4E34-9DEA-D282CC2B95A2}.Debug|Any CPU.ActiveCfg = Debug|Any CPU
		{FD853748-41E9-4E34-9DEA-D282CC2B95A2}.Debug|Any CPU.Build.0 = Debug|Any CPU
		{FD853748-41E9-4E34-9DEA-D282CC2B95A2}.Release|Any CPU.ActiveCfg = Release|Any CPU
		{FD853748-41E9-4E34-9DEA-D282CC2B95A2}.Release|Any CPU.Build.0 = Release|Any CPU
		{53F47D25-373F-46A7-870E-17ADD9617AC4}.Debug|Any CPU.ActiveCfg = Debug|Any CPU
		{53F47D25-373F-46A7-870E-17ADD9617AC4}.Debug|Any CPU.Build.0 = Debug|Any CPU
		{53F47D25-373F-46A7-870E-17ADD9617AC4}.Release|Any CPU.ActiveCfg = Release|Any CPU
		{53F47D25-373F-46A7-870E-17ADD9617AC4}.Release|Any CPU.Build.0 = Release|Any CPU
		{856F0E07-93C7-4538-9505-E6B4D6EEB9E6}.Debug|Any CPU.ActiveCfg = Debug|Any CPU
		{856F0E07-93C7-4538-9505-E6B4D6EEB9E6}.Debug|Any CPU.Build.0 = Debug|Any CPU
		{856F0E07-93C7-4538-9505-E6B4D6EEB9E6}.Release|Any CPU.ActiveCfg = Release|Any CPU
		{856F0E07-93C7-4538-9505-E6B4D6EEB9E6}.Release|Any CPU.Build.0 = Release|Any CPU
		{269AD3CD-ABA6-4868-B9F0-A73181437C2C}.Debug|Any CPU.ActiveCfg = Debug|Any CPU
		{269AD3CD-ABA6-4868-B9F0-A73181437C2C}.Debug|Any CPU.Build.0 = Debug|Any CPU
		{269AD3CD-ABA6-4868-B9F0-A73181437C2C}.Release|Any CPU.ActiveCfg = Release|Any CPU
		{269AD3CD-ABA6-4868-B9F0-A73181437C2C}.Release|Any CPU.Build.0 = Release|Any CPU
		{148DADD0-1E59-4FAE-B78C-55395E3E51D1}.Debug|Any CPU.ActiveCfg = Debug|Any CPU
		{148DADD0-1E59-4FAE-B78C-55395E3E51D1}.Debug|Any CPU.Build.0 = Debug|Any CPU
		{148DADD0-1E59-4FAE-B78C-55395E3E51D1}.Release|Any CPU.ActiveCfg = Release|Any CPU
		{148DADD0-1E59-4FAE-B78C-55395E3E51D1}.Release|Any CPU.Build.0 = Release|Any CPU
	EndGlobalSection
EndGlobal
