
Microsoft Visual Studio Solution File, Format Version 12.00
# Visual Studio Version 16
VisualStudioVersion = 16.0.808.3
MinimumVisualStudioVersion = 10.0.40219.1
Project("{FAE04EC0-301F-11D3-BF4B-00C04F79EFBC}") = "CompanyRoster", "CompanyRoster\CompanyRoster.csproj", "{D6BE942A-5794-476C-99B6-7A89B7AB60A2}"
EndProject
Project("{FAE04EC0-301F-11D3-BF4B-00C04F79EFBC}") = "OldestFamilyMember", "OldestFamilyMember\OldestFamilyMember.csproj", "{FDEB64E3-B157-4CBC-AA7B-A6C4E62AF405}"
EndProject
Project("{FAE04EC0-301F-11D3-BF4B-00C04F79EFBC}") = "SpeedRacing", "SpeedRacing\SpeedRacing.csproj", "{14C4C5B9-225F-4193-9296-0CB9A0D8E4F2}"
EndProject
Project("{FAE04EC0-301F-11D3-BF4B-00C04F79EFBC}") = "RawData", "RawData\RawData.csproj", "{9BCA60F1-008A-4604-BB9D-0482B1AC3816}"
EndProject
Project("{FAE04EC0-301F-11D3-BF4B-00C04F79EFBC}") = "ShoppingSpree", "ShoppingSpree\ShoppingSpree.csproj", "{E015828A-0310-4264-AC05-46DB85F1B23E}"
EndProject
Global
	GlobalSection(SolutionConfigurationPlatforms) = preSolution
		Debug|Any CPU = Debug|Any CPU
		Release|Any CPU = Release|Any CPU
	EndGlobalSection
	GlobalSection(ProjectConfigurationPlatforms) = postSolution
		{D6BE942A-5794-476C-99B6-7A89B7AB60A2}.Debug|Any CPU.ActiveCfg = Debug|Any CPU
		{D6BE942A-5794-476C-99B6-7A89B7AB60A2}.Debug|Any CPU.Build.0 = Debug|Any CPU
		{D6BE942A-5794-476C-99B6-7A89B7AB60A2}.Release|Any CPU.ActiveCfg = Release|Any CPU
		{D6BE942A-5794-476C-99B6-7A89B7AB60A2}.Release|Any CPU.Build.0 = Release|Any CPU
		{FDEB64E3-B157-4CBC-AA7B-A6C4E62AF405}.Debug|Any CPU.ActiveCfg = Debug|Any CPU
		{FDEB64E3-B157-4CBC-AA7B-A6C4E62AF405}.Debug|Any CPU.Build.0 = Debug|Any CPU
		{FDEB64E3-B157-4CBC-AA7B-A6C4E62AF405}.Release|Any CPU.ActiveCfg = Release|Any CPU
		{FDEB64E3-B157-4CBC-AA7B-A6C4E62AF405}.Release|Any CPU.Build.0 = Release|Any CPU
		{14C4C5B9-225F-4193-9296-0CB9A0D8E4F2}.Debug|Any CPU.ActiveCfg = Debug|Any CPU
		{14C4C5B9-225F-4193-9296-0CB9A0D8E4F2}.Debug|Any CPU.Build.0 = Debug|Any CPU
		{14C4C5B9-225F-4193-9296-0CB9A0D8E4F2}.Release|Any CPU.ActiveCfg = Release|Any CPU
		{14C4C5B9-225F-4193-9296-0CB9A0D8E4F2}.Release|Any CPU.Build.0 = Release|Any CPU
		{9BCA60F1-008A-4604-BB9D-0482B1AC3816}.Debug|Any CPU.ActiveCfg = Debug|Any CPU
		{9BCA60F1-008A-4604-BB9D-0482B1AC3816}.Debug|Any CPU.Build.0 = Debug|Any CPU
		{9BCA60F1-008A-4604-BB9D-0482B1AC3816}.Release|Any CPU.ActiveCfg = Release|Any CPU
		{9BCA60F1-008A-4604-BB9D-0482B1AC3816}.Release|Any CPU.Build.0 = Release|Any CPU
		{E015828A-0310-4264-AC05-46DB85F1B23E}.Debug|Any CPU.ActiveCfg = Debug|Any CPU
		{E015828A-0310-4264-AC05-46DB85F1B23E}.Debug|Any CPU.Build.0 = Debug|Any CPU
		{E015828A-0310-4264-AC05-46DB85F1B23E}.Release|Any CPU.ActiveCfg = Release|Any CPU
		{E015828A-0310-4264-AC05-46DB85F1B23E}.Release|Any CPU.Build.0 = Release|Any CPU
	EndGlobalSection
	GlobalSection(SolutionProperties) = preSolution
		HideSolutionNode = FALSE
	EndGlobalSection
	GlobalSection(ExtensibilityGlobals) = postSolution
		SolutionGuid = {2C3BFA55-FD01-476B-8FD5-8C3B5E17A9FD}
	EndGlobalSection
EndGlobal
